
Microsoft Visual Studio Solution File, Format Version 12.00
# Visual Studio Version 17
VisualStudioVersion = 17.9.34728.123
MinimumVisualStudioVersion = 10.0.40219.1
Project("{9A19103F-16F7-4668-BE54-9A1E7A4F7556}") = "MVC", "Recipes\MVC.csproj", "{1C28ED90-73FF-436C-B0FF-BCD98A6ABB72}"
EndProject
Project("{9A19103F-16F7-4668-BE54-9A1E7A4F7556}") = "Recipes.Logic", "Recipes.Logic\Recipes.Logic.csproj", "{A1EC658C-540F-456D-B21E-62E7996CEDC9}"
EndProject
Project("{9A19103F-16F7-4668-BE54-9A1E7A4F7556}") = "Recipes.DAL", "Recipes.DAL\Recipes.DAL.csproj", "{98CB3948-DD5A-4375-95F6-CE5D62C2F53A}"
EndProject
Global
	GlobalSection(SolutionConfigurationPlatforms) = preSolution
		Debug|Any CPU = Debug|Any CPU
		Release|Any CPU = Release|Any CPU
	EndGlobalSection
	GlobalSection(ProjectConfigurationPlatforms) = postSolution
		{1C28ED90-73FF-436C-B0FF-BCD98A6ABB72}.Debug|Any CPU.ActiveCfg = Debug|Any CPU
		{1C28ED90-73FF-436C-B0FF-BCD98A6ABB72}.Debug|Any CPU.Build.0 = Debug|Any CPU
		{1C28ED90-73FF-436C-B0FF-BCD98A6ABB72}.Release|Any CPU.ActiveCfg = Release|Any CPU
		{1C28ED90-73FF-436C-B0FF-BCD98A6ABB72}.Release|Any CPU.Build.0 = Release|Any CPU
		{A1EC658C-540F-456D-B21E-62E7996CEDC9}.Debug|Any CPU.ActiveCfg = Debug|Any CPU
		{A1EC658C-540F-456D-B21E-62E7996CEDC9}.Debug|Any CPU.Build.0 = Debug|Any CPU
		{A1EC658C-540F-456D-B21E-62E7996CEDC9}.Release|Any CPU.ActiveCfg = Release|Any CPU
		{A1EC658C-540F-456D-B21E-62E7996CEDC9}.Release|Any CPU.Build.0 = Release|Any CPU
		{98CB3948-DD5A-4375-95F6-CE5D62C2F53A}.Debug|Any CPU.ActiveCfg = Debug|Any CPU
		{98CB3948-DD5A-4375-95F6-CE5D62C2F53A}.Debug|Any CPU.Build.0 = Debug|Any CPU
		{98CB3948-DD5A-4375-95F6-CE5D62C2F53A}.Release|Any CPU.ActiveCfg = Release|Any CPU
		{98CB3948-DD5A-4375-95F6-CE5D62C2F53A}.Release|Any CPU.Build.0 = Release|Any CPU
	EndGlobalSection
	GlobalSection(SolutionProperties) = preSolution
		HideSolutionNode = FALSE
	EndGlobalSection
	GlobalSection(ExtensibilityGlobals) = postSolution
		SolutionGuid = {45A20038-6C4F-4FFC-8F4E-D9FE02C783DB}
	EndGlobalSection
EndGlobal
